
Microsoft Visual Studio Solution File, Format Version 12.00
# Visual Studio Version 17
VisualStudioVersion = 17.8.34330.188
MinimumVisualStudioVersion = 10.0.40219.1
Project("{9A19103F-16F7-4668-BE54-9A1E7A4F7556}") = "Parterraria", "Parterraria.csproj", "{18EEF99C-25BF-4D65-8D3C-F02442AC9CB4}"
EndProject
Global
	GlobalSection(SolutionConfigurationPlatforms) = preSolution
		Debug|Any CPU = Debug|Any CPU
		Release|Any CPU = Release|Any CPU
	EndGlobalSection
	GlobalSection(ProjectConfigurationPlatforms) = postSolution
		{18EEF99C-25BF-4D65-8D3C-F02442AC9CB4}.Debug|Any CPU.ActiveCfg = Debug|Any CPU
		{18EEF99C-25BF-4D65-8D3C-F02442AC9CB4}.Debug|Any CPU.Build.0 = Debug|Any CPU
		{18EEF99C-25BF-4D65-8D3C-F02442AC9CB4}.Release|Any CPU.ActiveCfg = Release|Any CPU
		{18EEF99C-25BF-4D65-8D3C-F02442AC9CB4}.Release|Any CPU.Build.0 = Release|Any CPU
	EndGlobalSection
	GlobalSection(SolutionProperties) = preSolution
		HideSolutionNode = FALSE
	EndGlobalSection
	GlobalSection(ExtensibilityGlobals) = postSolution
		SolutionGuid = {D85CB44A-AEFE-45F6-9F54-E73EDFF6C3C8}
	EndGlobalSection
EndGlobal
